// !$*UTF8*$!
{
	archiveVersion = 1;
	classes = {
	};
	objectVersion = 56;
	objects = {

/* Begin PBXBuildFile section */
		3B38ECC02A451E2E00BD3680 /* DetailViewController.swift in Sources */ = {isa = PBXBuildFile; fileRef = 3B38ECBF2A451E2E00BD3680 /* DetailViewController.swift */; };
		3B38ECC22A4573BC00BD3680 /* DiaryViewController.swift in Sources */ = {isa = PBXBuildFile; fileRef = 3B38ECC12A4573BC00BD3680 /* DiaryViewController.swift */; };
		3B38ECC52A458AEA00BD3680 /* TaskHomeTableViewCell.swift in Sources */ = {isa = PBXBuildFile; fileRef = 3B38ECC32A458AEA00BD3680 /* TaskHomeTableViewCell.swift */; };
		3B38ECC62A458AEA00BD3680 /* TaskHomeTableViewCell.xib in Resources */ = {isa = PBXBuildFile; fileRef = 3B38ECC42A458AEA00BD3680 /* TaskHomeTableViewCell.xib */; };
		3B38ECC92A49846B00BD3680 /* AddDiaryTableViewCell.swift in Sources */ = {isa = PBXBuildFile; fileRef = 3B38ECC72A49846B00BD3680 /* AddDiaryTableViewCell.swift */; };
		3B38ECCA2A49846B00BD3680 /* AddDiaryTableViewCell.xib in Resources */ = {isa = PBXBuildFile; fileRef = 3B38ECC82A49846B00BD3680 /* AddDiaryTableViewCell.xib */; };
		3B38ECD02A4C309500BD3680 /* Plants.realm in Resources */ = {isa = PBXBuildFile; fileRef = 3B38ECCF2A4C309500BD3680 /* Plants.realm */; };
		3B38ECD22A4EB98A00BD3680 /* NodataViewController.swift in Sources */ = {isa = PBXBuildFile; fileRef = 3B38ECD12A4EB98A00BD3680 /* NodataViewController.swift */; };
		3B42AB442A419F1E00273E2C /* AppDelegate.swift in Sources */ = {isa = PBXBuildFile; fileRef = 3B42AB432A419F1E00273E2C /* AppDelegate.swift */; };
		3B42AB462A419F1E00273E2C /* SceneDelegate.swift in Sources */ = {isa = PBXBuildFile; fileRef = 3B42AB452A419F1E00273E2C /* SceneDelegate.swift */; };
		3B42AB482A419F1E00273E2C /* ViewController.swift in Sources */ = {isa = PBXBuildFile; fileRef = 3B42AB472A419F1E00273E2C /* ViewController.swift */; };
		3B42AB4B2A419F1E00273E2C /* Main.storyboard in Resources */ = {isa = PBXBuildFile; fileRef = 3B42AB492A419F1E00273E2C /* Main.storyboard */; };
		3B42AB4D2A419F1F00273E2C /* Assets.xcassets in Resources */ = {isa = PBXBuildFile; fileRef = 3B42AB4C2A419F1F00273E2C /* Assets.xcassets */; };
		3B42AB502A419F1F00273E2C /* LaunchScreen.storyboard in Resources */ = {isa = PBXBuildFile; fileRef = 3B42AB4E2A419F1F00273E2C /* LaunchScreen.storyboard */; };
		3B42AB582A419F5B00273E2C /* HomeViewController.swift in Sources */ = {isa = PBXBuildFile; fileRef = 3B42AB572A419F5B00273E2C /* HomeViewController.swift */; };
		3B42AB5A2A419F6C00273E2C /* MyplantsViewController.swift in Sources */ = {isa = PBXBuildFile; fileRef = 3B42AB592A419F6C00273E2C /* MyplantsViewController.swift */; };
		3B42AB5C2A419F8100273E2C /* SearchViewController.swift in Sources */ = {isa = PBXBuildFile; fileRef = 3B42AB5B2A419F8100273E2C /* SearchViewController.swift */; };
		3B42AB5E2A41A26600273E2C /* TabBarViewController.swift in Sources */ = {isa = PBXBuildFile; fileRef = 3B42AB5D2A41A26600273E2C /* TabBarViewController.swift */; };
		3B42AB602A428C2100273E2C /* SearchResultViewController.swift in Sources */ = {isa = PBXBuildFile; fileRef = 3B42AB5F2A428C2100273E2C /* SearchResultViewController.swift */; };
		3B42AB622A42956800273E2C /* Information.swift in Sources */ = {isa = PBXBuildFile; fileRef = 3B42AB612A42956800273E2C /* Information.swift */; };
		3B42AB642A42BDA000273E2C /* AddPlantsViewController.swift in Sources */ = {isa = PBXBuildFile; fileRef = 3B42AB632A42BDA000273E2C /* AddPlantsViewController.swift */; };
		3B42AB6B2A43DC0500273E2C /* MyplantsTableViewCell.swift in Sources */ = {isa = PBXBuildFile; fileRef = 3B42AB692A43DC0500273E2C /* MyplantsTableViewCell.swift */; };
		3B42AB6C2A43DC0500273E2C /* MyplantsTableViewCell.xib in Resources */ = {isa = PBXBuildFile; fileRef = 3B42AB6A2A43DC0500273E2C /* MyplantsTableViewCell.xib */; };
		EB442866D2457C2249CB7BFE /* Pods_Plants.framework in Frameworks */ = {isa = PBXBuildFile; fileRef = 29A8B6100C14492D4E72BE5D /* Pods_Plants.framework */; };
/* End PBXBuildFile section */

/* Begin PBXFileReference section */
		089A0F488D20F9232FCBCE70 /* Pods-Plants.release.xcconfig */ = {isa = PBXFileReference; includeInIndex = 1; lastKnownFileType = text.xcconfig; name = "Pods-Plants.release.xcconfig"; path = "Target Support Files/Pods-Plants/Pods-Plants.release.xcconfig"; sourceTree = "<group>"; };
		29A8B6100C14492D4E72BE5D /* Pods_Plants.framework */ = {isa = PBXFileReference; explicitFileType = wrapper.framework; includeInIndex = 0; path = Pods_Plants.framework; sourceTree = BUILT_PRODUCTS_DIR; };
		3B38ECBF2A451E2E00BD3680 /* DetailViewController.swift */ = {isa = PBXFileReference; lastKnownFileType = sourcecode.swift; path = DetailViewController.swift; sourceTree = "<group>"; };
		3B38ECC12A4573BC00BD3680 /* DiaryViewController.swift */ = {isa = PBXFileReference; lastKnownFileType = sourcecode.swift; path = DiaryViewController.swift; sourceTree = "<group>"; };
		3B38ECC32A458AEA00BD3680 /* TaskHomeTableViewCell.swift */ = {isa = PBXFileReference; lastKnownFileType = sourcecode.swift; path = TaskHomeTableViewCell.swift; sourceTree = "<group>"; };
		3B38ECC42A458AEA00BD3680 /* TaskHomeTableViewCell.xib */ = {isa = PBXFileReference; lastKnownFileType = file.xib; path = TaskHomeTableViewCell.xib; sourceTree = "<group>"; };
		3B38ECC72A49846B00BD3680 /* AddDiaryTableViewCell.swift */ = {isa = PBXFileReference; lastKnownFileType = sourcecode.swift; path = AddDiaryTableViewCell.swift; sourceTree = "<group>"; };
		3B38ECC82A49846B00BD3680 /* AddDiaryTableViewCell.xib */ = {isa = PBXFileReference; lastKnownFileType = file.xib; path = AddDiaryTableViewCell.xib; sourceTree = "<group>"; };
		3B38ECCF2A4C309500BD3680 /* Plants.realm */ = {isa = PBXFileReference; lastKnownFileType = file; path = Plants.realm; sourceTree = "<group>"; };
		3B38ECD12A4EB98A00BD3680 /* NodataViewController.swift */ = {isa = PBXFileReference; lastKnownFileType = sourcecode.swift; path = NodataViewController.swift; sourceTree = "<group>"; };
		3B42AB402A419F1E00273E2C /* Plants.app */ = {isa = PBXFileReference; explicitFileType = wrapper.application; includeInIndex = 0; path = Plants.app; sourceTree = BUILT_PRODUCTS_DIR; };
		3B42AB432A419F1E00273E2C /* AppDelegate.swift */ = {isa = PBXFileReference; lastKnownFileType = sourcecode.swift; path = AppDelegate.swift; sourceTree = "<group>"; };
		3B42AB452A419F1E00273E2C /* SceneDelegate.swift */ = {isa = PBXFileReference; lastKnownFileType = sourcecode.swift; path = SceneDelegate.swift; sourceTree = "<group>"; };
		3B42AB472A419F1E00273E2C /* ViewController.swift */ = {isa = PBXFileReference; lastKnownFileType = sourcecode.swift; path = ViewController.swift; sourceTree = "<group>"; };
		3B42AB4A2A419F1E00273E2C /* Base */ = {isa = PBXFileReference; lastKnownFileType = file.storyboard; name = Base; path = Base.lproj/Main.storyboard; sourceTree = "<group>"; };
		3B42AB4C2A419F1F00273E2C /* Assets.xcassets */ = {isa = PBXFileReference; lastKnownFileType = folder.assetcatalog; path = Assets.xcassets; sourceTree = "<group>"; };
		3B42AB4F2A419F1F00273E2C /* Base */ = {isa = PBXFileReference; lastKnownFileType = file.storyboard; name = Base; path = Base.lproj/LaunchScreen.storyboard; sourceTree = "<group>"; };
		3B42AB512A419F1F00273E2C /* Info.plist */ = {isa = PBXFileReference; lastKnownFileType = text.plist.xml; path = Info.plist; sourceTree = "<group>"; };
		3B42AB572A419F5B00273E2C /* HomeViewController.swift */ = {isa = PBXFileReference; lastKnownFileType = sourcecode.swift; path = HomeViewController.swift; sourceTree = "<group>"; };
		3B42AB592A419F6C00273E2C /* MyplantsViewController.swift */ = {isa = PBXFileReference; lastKnownFileType = sourcecode.swift; path = MyplantsViewController.swift; sourceTree = "<group>"; };
		3B42AB5B2A419F8100273E2C /* SearchViewController.swift */ = {isa = PBXFileReference; lastKnownFileType = sourcecode.swift; path = SearchViewController.swift; sourceTree = "<group>"; };
		3B42AB5D2A41A26600273E2C /* TabBarViewController.swift */ = {isa = PBXFileReference; lastKnownFileType = sourcecode.swift; path = TabBarViewController.swift; sourceTree = "<group>"; };
		3B42AB5F2A428C2100273E2C /* SearchResultViewController.swift */ = {isa = PBXFileReference; lastKnownFileType = sourcecode.swift; path = SearchResultViewController.swift; sourceTree = "<group>"; };
		3B42AB612A42956800273E2C /* Information.swift */ = {isa = PBXFileReference; lastKnownFileType = sourcecode.swift; path = Information.swift; sourceTree = "<group>"; };
		3B42AB632A42BDA000273E2C /* AddPlantsViewController.swift */ = {isa = PBXFileReference; lastKnownFileType = sourcecode.swift; path = AddPlantsViewController.swift; sourceTree = "<group>"; };
		3B42AB692A43DC0500273E2C /* MyplantsTableViewCell.swift */ = {isa = PBXFileReference; lastKnownFileType = sourcecode.swift; path = MyplantsTableViewCell.swift; sourceTree = "<group>"; };
		3B42AB6A2A43DC0500273E2C /* MyplantsTableViewCell.xib */ = {isa = PBXFileReference; lastKnownFileType = file.xib; path = MyplantsTableViewCell.xib; sourceTree = "<group>"; };
		4865FDFE65F803ADF962C547 /* Pods-Plants.debug.xcconfig */ = {isa = PBXFileReference; includeInIndex = 1; lastKnownFileType = text.xcconfig; name = "Pods-Plants.debug.xcconfig"; path = "Target Support Files/Pods-Plants/Pods-Plants.debug.xcconfig"; sourceTree = "<group>"; };
/* End PBXFileReference section */

/* Begin PBXFrameworksBuildPhase section */
		3B42AB3D2A419F1E00273E2C /* Frameworks */ = {
			isa = PBXFrameworksBuildPhase;
			buildActionMask = 2147483647;
			files = (
				EB442866D2457C2249CB7BFE /* Pods_Plants.framework in Frameworks */,
			);
			runOnlyForDeploymentPostprocessing = 0;
		};
/* End PBXFrameworksBuildPhase section */

/* Begin PBXGroup section */
		3B42AB372A419F1E00273E2C = {
			isa = PBXGroup;
			children = (
				3B42AB422A419F1E00273E2C /* Plants */,
				3B42AB412A419F1E00273E2C /* Products */,
				B2E1C86E17FF7C35700A38AE /* Pods */,
				D00D31C54DECCFAB69400343 /* Frameworks */,
			);
			sourceTree = "<group>";
		};
		3B42AB412A419F1E00273E2C /* Products */ = {
			isa = PBXGroup;
			children = (
				3B42AB402A419F1E00273E2C /* Plants.app */,
			);
			name = Products;
			sourceTree = "<group>";
		};
		3B42AB422A419F1E00273E2C /* Plants */ = {
			isa = PBXGroup;
			children = (
				3B42AB432A419F1E00273E2C /* AppDelegate.swift */,
				3B42AB452A419F1E00273E2C /* SceneDelegate.swift */,
				3B42AB472A419F1E00273E2C /* ViewController.swift */,
				3B42AB572A419F5B00273E2C /* HomeViewController.swift */,
				3B38ECC32A458AEA00BD3680 /* TaskHomeTableViewCell.swift */,
				3B38ECC42A458AEA00BD3680 /* TaskHomeTableViewCell.xib */,
				3B42AB592A419F6C00273E2C /* MyplantsViewController.swift */,
				3B38ECD12A4EB98A00BD3680 /* NodataViewController.swift */,
				3B42AB692A43DC0500273E2C /* MyplantsTableViewCell.swift */,
				3B42AB6A2A43DC0500273E2C /* MyplantsTableViewCell.xib */,
				3B38ECBF2A451E2E00BD3680 /* DetailViewController.swift */,
				3B38ECC12A4573BC00BD3680 /* DiaryViewController.swift */,
				3B38ECC72A49846B00BD3680 /* AddDiaryTableViewCell.swift */,
				3B38ECC82A49846B00BD3680 /* AddDiaryTableViewCell.xib */,
				3B42AB632A42BDA000273E2C /* AddPlantsViewController.swift */,
				3B42AB5B2A419F8100273E2C /* SearchViewController.swift */,
				3B42AB5D2A41A26600273E2C /* TabBarViewController.swift */,
				3B42AB5F2A428C2100273E2C /* SearchResultViewController.swift */,
				3B42AB492A419F1E00273E2C /* Main.storyboard */,
				3B42AB612A42956800273E2C /* Information.swift */,
				3B42AB4C2A419F1F00273E2C /* Assets.xcassets */,
				3B38ECCF2A4C309500BD3680 /* Plants.realm */,
				3B42AB4E2A419F1F00273E2C /* LaunchScreen.storyboard */,
				3B42AB512A419F1F00273E2C /* Info.plist */,
			);
			path = Plants;
			sourceTree = "<group>";
		};
		B2E1C86E17FF7C35700A38AE /* Pods */ = {
			isa = PBXGroup;
			children = (
				4865FDFE65F803ADF962C547 /* Pods-Plants.debug.xcconfig */,
				089A0F488D20F9232FCBCE70 /* Pods-Plants.release.xcconfig */,
			);
			path = Pods;
			sourceTree = "<group>";
		};
		D00D31C54DECCFAB69400343 /* Frameworks */ = {
			isa = PBXGroup;
			children = (
				29A8B6100C14492D4E72BE5D /* Pods_Plants.framework */,
			);
			name = Frameworks;
			sourceTree = "<group>";
		};
/* End PBXGroup section */

/* Begin PBXNativeTarget section */
		3B42AB3F2A419F1E00273E2C /* Plants */ = {
			isa = PBXNativeTarget;
			buildConfigurationList = 3B42AB542A419F1F00273E2C /* Build configuration list for PBXNativeTarget "Plants" */;
			buildPhases = (
				6D1E92CAE1606FE4FEC2E8F3 /* [CP] Check Pods Manifest.lock */,
				3B42AB3C2A419F1E00273E2C /* Sources */,
				3B42AB3D2A419F1E00273E2C /* Frameworks */,
				3B42AB3E2A419F1E00273E2C /* Resources */,
				CE8C91D59DF4717EA5718E4B /* [CP] Embed Pods Frameworks */,
			);
			buildRules = (
			);
			dependencies = (
			);
			name = Plants;
			productName = Plants;
			productReference = 3B42AB402A419F1E00273E2C /* Plants.app */;
			productType = "com.apple.product-type.application";
		};
/* End PBXNativeTarget section */

/* Begin PBXProject section */
		3B42AB382A419F1E00273E2C /* Project object */ = {
			isa = PBXProject;
			attributes = {
				BuildIndependentTargetsInParallel = 1;
				LastSwiftUpdateCheck = 1430;
				LastUpgradeCheck = 1430;
				TargetAttributes = {
					3B42AB3F2A419F1E00273E2C = {
						CreatedOnToolsVersion = 14.3.1;
					};
				};
			};
			buildConfigurationList = 3B42AB3B2A419F1E00273E2C /* Build configuration list for PBXProject "Plants" */;
			compatibilityVersion = "Xcode 14.0";
			developmentRegion = en;
			hasScannedForEncodings = 0;
			knownRegions = (
				en,
				Base,
			);
			mainGroup = 3B42AB372A419F1E00273E2C;
			productRefGroup = 3B42AB412A419F1E00273E2C /* Products */;
			projectDirPath = "";
			projectRoot = "";
			targets = (
				3B42AB3F2A419F1E00273E2C /* Plants */,
			);
		};
/* End PBXProject section */

/* Begin PBXResourcesBuildPhase section */
		3B42AB3E2A419F1E00273E2C /* Resources */ = {
			isa = PBXResourcesBuildPhase;
			buildActionMask = 2147483647;
			files = (
				3B42AB502A419F1F00273E2C /* LaunchScreen.storyboard in Resources */,
				3B42AB6C2A43DC0500273E2C /* MyplantsTableViewCell.xib in Resources */,
				3B38ECCA2A49846B00BD3680 /* AddDiaryTableViewCell.xib in Resources */,
				3B38ECD02A4C309500BD3680 /* Plants.realm in Resources */,
				3B38ECC62A458AEA00BD3680 /* TaskHomeTableViewCell.xib in Resources */,
				3B42AB4D2A419F1F00273E2C /* Assets.xcassets in Resources */,
				3B42AB4B2A419F1E00273E2C /* Main.storyboard in Resources */,
			);
			runOnlyForDeploymentPostprocessing = 0;
		};
/* End PBXResourcesBuildPhase section */

/* Begin PBXShellScriptBuildPhase section */
		6D1E92CAE1606FE4FEC2E8F3 /* [CP] Check Pods Manifest.lock */ = {
			isa = PBXShellScriptBuildPhase;
			buildActionMask = 2147483647;
			files = (
			);
			inputFileListPaths = (
			);
			inputPaths = (
				"${PODS_PODFILE_DIR_PATH}/Podfile.lock",
				"${PODS_ROOT}/Manifest.lock",
			);
			name = "[CP] Check Pods Manifest.lock";
			outputFileListPaths = (
			);
			outputPaths = (
				"$(DERIVED_FILE_DIR)/Pods-Plants-checkManifestLockResult.txt",
			);
			runOnlyForDeploymentPostprocessing = 0;
			shellPath = /bin/sh;
			shellScript = "diff \"${PODS_PODFILE_DIR_PATH}/Podfile.lock\" \"${PODS_ROOT}/Manifest.lock\" > /dev/null\nif [ $? != 0 ] ; then\n    # print error to STDERR\n    echo \"error: The sandbox is not in sync with the Podfile.lock. Run 'pod install' or update your CocoaPods installation.\" >&2\n    exit 1\nfi\n# This output is used by Xcode 'outputs' to avoid re-running this script phase.\necho \"SUCCESS\" > \"${SCRIPT_OUTPUT_FILE_0}\"\n";
			showEnvVarsInLog = 0;
		};
		CE8C91D59DF4717EA5718E4B /* [CP] Embed Pods Frameworks */ = {
			isa = PBXShellScriptBuildPhase;
			buildActionMask = 2147483647;
			files = (
			);
			inputFileListPaths = (
				"${PODS_ROOT}/Target Support Files/Pods-Plants/Pods-Plants-frameworks-${CONFIGURATION}-input-files.xcfilelist",
			);
			name = "[CP] Embed Pods Frameworks";
			outputFileListPaths = (
				"${PODS_ROOT}/Target Support Files/Pods-Plants/Pods-Plants-frameworks-${CONFIGURATION}-output-files.xcfilelist",
			);
			runOnlyForDeploymentPostprocessing = 0;
			shellPath = /bin/sh;
			shellScript = "\"${PODS_ROOT}/Target Support Files/Pods-Plants/Pods-Plants-frameworks.sh\"\n";
			showEnvVarsInLog = 0;
		};
/* End PBXShellScriptBuildPhase section */

/* Begin PBXSourcesBuildPhase section */
		3B42AB3C2A419F1E00273E2C /* Sources */ = {
			isa = PBXSourcesBuildPhase;
			buildActionMask = 2147483647;
			files = (
				3B42AB642A42BDA000273E2C /* AddPlantsViewController.swift in Sources */,
				3B42AB622A42956800273E2C /* Information.swift in Sources */,
				3B38ECC92A49846B00BD3680 /* AddDiaryTableViewCell.swift in Sources */,
				3B42AB5C2A419F8100273E2C /* SearchViewController.swift in Sources */,
				3B38ECC02A451E2E00BD3680 /* DetailViewController.swift in Sources */,
				3B42AB5A2A419F6C00273E2C /* MyplantsViewController.swift in Sources */,
				3B38ECC52A458AEA00BD3680 /* TaskHomeTableViewCell.swift in Sources */,
				3B42AB482A419F1E00273E2C /* ViewController.swift in Sources */,
				3B42AB442A419F1E00273E2C /* AppDelegate.swift in Sources */,
				3B42AB6B2A43DC0500273E2C /* MyplantsTableViewCell.swift in Sources */,
				3B42AB5E2A41A26600273E2C /* TabBarViewController.swift in Sources */,
				3B38ECD22A4EB98A00BD3680 /* NodataViewController.swift in Sources */,
				3B38ECC22A4573BC00BD3680 /* DiaryViewController.swift in Sources */,
				3B42AB462A419F1E00273E2C /* SceneDelegate.swift in Sources */,
				3B42AB602A428C2100273E2C /* SearchResultViewController.swift in Sources */,
				3B42AB582A419F5B00273E2C /* HomeViewController.swift in Sources */,
			);
			runOnlyForDeploymentPostprocessing = 0;
		};
/* End PBXSourcesBuildPhase section */

/* Begin PBXVariantGroup section */
		3B42AB492A419F1E00273E2C /* Main.storyboard */ = {
			isa = PBXVariantGroup;
			children = (
				3B42AB4A2A419F1E00273E2C /* Base */,
			);
			name = Main.storyboard;
			sourceTree = "<group>";
		};
		3B42AB4E2A419F1F00273E2C /* LaunchScreen.storyboard */ = {
			isa = PBXVariantGroup;
			children = (
				3B42AB4F2A419F1F00273E2C /* Base */,
			);
			name = LaunchScreen.storyboard;
			sourceTree = "<group>";
		};
/* End PBXVariantGroup section */

/* Begin XCBuildConfiguration section */
		3B42AB522A419F1F00273E2C /* Debug */ = {
			isa = XCBuildConfiguration;
			buildSettings = {
				ALWAYS_SEARCH_USER_PATHS = NO;
				CLANG_ANALYZER_NONNULL = YES;
				CLANG_ANALYZER_NUMBER_OBJECT_CONVERSION = YES_AGGRESSIVE;
				CLANG_CXX_LANGUAGE_STANDARD = "gnu++20";
				CLANG_ENABLE_MODULES = YES;
				CLANG_ENABLE_OBJC_ARC = YES;
				CLANG_ENABLE_OBJC_WEAK = YES;
				CLANG_WARN_BLOCK_CAPTURE_AUTORELEASING = YES;
				CLANG_WARN_BOOL_CONVERSION = YES;
				CLANG_WARN_COMMA = YES;
				CLANG_WARN_CONSTANT_CONVERSION = YES;
				CLANG_WARN_DEPRECATED_OBJC_IMPLEMENTATIONS = YES;
				CLANG_WARN_DIRECT_OBJC_ISA_USAGE = YES_ERROR;
				CLANG_WARN_DOCUMENTATION_COMMENTS = YES;
				CLANG_WARN_EMPTY_BODY = YES;
				CLANG_WARN_ENUM_CONVERSION = YES;
				CLANG_WARN_INFINITE_RECURSION = YES;
				CLANG_WARN_INT_CONVERSION = YES;
				CLANG_WARN_NON_LITERAL_NULL_CONVERSION = YES;
				CLANG_WARN_OBJC_IMPLICIT_RETAIN_SELF = YES;
				CLANG_WARN_OBJC_LITERAL_CONVERSION = YES;
				CLANG_WARN_OBJC_ROOT_CLASS = YES_ERROR;
				CLANG_WARN_QUOTED_INCLUDE_IN_FRAMEWORK_HEADER = YES;
				CLANG_WARN_RANGE_LOOP_ANALYSIS = YES;
				CLANG_WARN_STRICT_PROTOTYPES = YES;
				CLANG_WARN_SUSPICIOUS_MOVE = YES;
				CLANG_WARN_UNGUARDED_AVAILABILITY = YES_AGGRESSIVE;
				CLANG_WARN_UNREACHABLE_CODE = YES;
				CLANG_WARN__DUPLICATE_METHOD_MATCH = YES;
				COPY_PHASE_STRIP = NO;
				DEBUG_INFORMATION_FORMAT = dwarf;
				ENABLE_STRICT_OBJC_MSGSEND = YES;
				ENABLE_TESTABILITY = YES;
				GCC_C_LANGUAGE_STANDARD = gnu11;
				GCC_DYNAMIC_NO_PIC = NO;
				GCC_NO_COMMON_BLOCKS = YES;
				GCC_OPTIMIZATION_LEVEL = 0;
				GCC_PREPROCESSOR_DEFINITIONS = (
					"DEBUG=1",
					"$(inherited)",
				);
				GCC_WARN_64_TO_32_BIT_CONVERSION = YES;
				GCC_WARN_ABOUT_RETURN_TYPE = YES_ERROR;
				GCC_WARN_UNDECLARED_SELECTOR = YES;
				GCC_WARN_UNINITIALIZED_AUTOS = YES_AGGRESSIVE;
				GCC_WARN_UNUSED_FUNCTION = YES;
				GCC_WARN_UNUSED_VARIABLE = YES;
				IPHONEOS_DEPLOYMENT_TARGET = 16.4;
				MTL_ENABLE_DEBUG_INFO = INCLUDE_SOURCE;
				MTL_FAST_MATH = YES;
				ONLY_ACTIVE_ARCH = YES;
				SDKROOT = iphoneos;
				SWIFT_ACTIVE_COMPILATION_CONDITIONS = DEBUG;
				SWIFT_OPTIMIZATION_LEVEL = "-Onone";
			};
			name = Debug;
		};
		3B42AB532A419F1F00273E2C /* Release */ = {
			isa = XCBuildConfiguration;
			buildSettings = {
				ALWAYS_SEARCH_USER_PATHS = NO;
				CLANG_ANALYZER_NONNULL = YES;
				CLANG_ANALYZER_NUMBER_OBJECT_CONVERSION = YES_AGGRESSIVE;
				CLANG_CXX_LANGUAGE_STANDARD = "gnu++20";
				CLANG_ENABLE_MODULES = YES;
				CLANG_ENABLE_OBJC_ARC = YES;
				CLANG_ENABLE_OBJC_WEAK = YES;
				CLANG_WARN_BLOCK_CAPTURE_AUTORELEASING = YES;
				CLANG_WARN_BOOL_CONVERSION = YES;
				CLANG_WARN_COMMA = YES;
				CLANG_WARN_CONSTANT_CONVERSION = YES;
				CLANG_WARN_DEPRECATED_OBJC_IMPLEMENTATIONS = YES;
				CLANG_WARN_DIRECT_OBJC_ISA_USAGE = YES_ERROR;
				CLANG_WARN_DOCUMENTATION_COMMENTS = YES;
				CLANG_WARN_EMPTY_BODY = YES;
				CLANG_WARN_ENUM_CONVERSION = YES;
				CLANG_WARN_INFINITE_RECURSION = YES;
				CLANG_WARN_INT_CONVERSION = YES;
				CLANG_WARN_NON_LITERAL_NULL_CONVERSION = YES;
				CLANG_WARN_OBJC_IMPLICIT_RETAIN_SELF = YES;
				CLANG_WARN_OBJC_LITERAL_CONVERSION = YES;
				CLANG_WARN_OBJC_ROOT_CLASS = YES_ERROR;
				CLANG_WARN_QUOTED_INCLUDE_IN_FRAMEWORK_HEADER = YES;
				CLANG_WARN_RANGE_LOOP_ANALYSIS = YES;
				CLANG_WARN_STRICT_PROTOTYPES = YES;
				CLANG_WARN_SUSPICIOUS_MOVE = YES;
				CLANG_WARN_UNGUARDED_AVAILABILITY = YES_AGGRESSIVE;
				CLANG_WARN_UNREACHABLE_CODE = YES;
				CLANG_WARN__DUPLICATE_METHOD_MATCH = YES;
				COPY_PHASE_STRIP = NO;
				DEBUG_INFORMATION_FORMAT = "dwarf-with-dsym";
				ENABLE_NS_ASSERTIONS = NO;
				ENABLE_STRICT_OBJC_MSGSEND = YES;
				GCC_C_LANGUAGE_STANDARD = gnu11;
				GCC_NO_COMMON_BLOCKS = YES;
				GCC_WARN_64_TO_32_BIT_CONVERSION = YES;
				GCC_WARN_ABOUT_RETURN_TYPE = YES_ERROR;
				GCC_WARN_UNDECLARED_SELECTOR = YES;
				GCC_WARN_UNINITIALIZED_AUTOS = YES_AGGRESSIVE;
				GCC_WARN_UNUSED_FUNCTION = YES;
				GCC_WARN_UNUSED_VARIABLE = YES;
				IPHONEOS_DEPLOYMENT_TARGET = 16.4;
				MTL_ENABLE_DEBUG_INFO = NO;
				MTL_FAST_MATH = YES;
				SDKROOT = iphoneos;
				SWIFT_COMPILATION_MODE = wholemodule;
				SWIFT_OPTIMIZATION_LEVEL = "-O";
				VALIDATE_PRODUCT = YES;
			};
			name = Release;
		};
		3B42AB552A419F1F00273E2C /* Debug */ = {
			isa = XCBuildConfiguration;
			baseConfigurationReference = 4865FDFE65F803ADF962C547 /* Pods-Plants.debug.xcconfig */;
			buildSettings = {
				ASSETCATALOG_COMPILER_APPICON_NAME = AppIcon;
				ASSETCATALOG_COMPILER_GLOBAL_ACCENT_COLOR_NAME = AccentColor;
				CODE_SIGN_STYLE = Automatic;
				CURRENT_PROJECT_VERSION = 1;
				DEVELOPMENT_TEAM = L6ZXJ7FQPU;
				GENERATE_INFOPLIST_FILE = YES;
				INFOPLIST_FILE = Plants/Info.plist;
				INFOPLIST_KEY_NSCameraUsageDescription = "カメラの使用を許可を求めます。";
				INFOPLIST_KEY_UIApplicationSupportsIndirectInputEvents = YES;
				INFOPLIST_KEY_UILaunchStoryboardName = LaunchScreen;
				INFOPLIST_KEY_UIMainStoryboardFile = Main;
				INFOPLIST_KEY_UISupportedInterfaceOrientations = UIInterfaceOrientationPortrait;
				IPHONEOS_DEPLOYMENT_TARGET = 16.1;
				LD_RUNPATH_SEARCH_PATHS = (
					"$(inherited)",
					"@executable_path/Frameworks",
				);
				MARKETING_VERSION = 1.0;
				PRODUCT_BUNDLE_IDENTIFIER = jp.techacademy.reina.iketani.Plants;
				PRODUCT_NAME = "$(TARGET_NAME)";
				SUPPORTED_PLATFORMS = "iphoneos iphonesimulator";
				SUPPORTS_MACCATALYST = NO;
				SUPPORTS_MAC_DESIGNED_FOR_IPHONE_IPAD = NO;
				SWIFT_EMIT_LOC_STRINGS = YES;
				SWIFT_VERSION = 5.0;
				TARGETED_DEVICE_FAMILY = "1,2";
			};
			name = Debug;
		};
		3B42AB562A419F1F00273E2C /* Release */ = {
			isa = XCBuildConfiguration;
			baseConfigurationReference = 089A0F488D20F9232FCBCE70 /* Pods-Plants.release.xcconfig */;
			buildSettings = {
				ASSETCATALOG_COMPILER_APPICON_NAME = AppIcon;
				ASSETCATALOG_COMPILER_GLOBAL_ACCENT_COLOR_NAME = AccentColor;
				CODE_SIGN_STYLE = Automatic;
				CURRENT_PROJECT_VERSION = 1;
				DEVELOPMENT_TEAM = L6ZXJ7FQPU;
				GENERATE_INFOPLIST_FILE = YES;
				INFOPLIST_FILE = Plants/Info.plist;
				INFOPLIST_KEY_NSCameraUsageDescription = "カメラの使用を許可を求めます。";
				INFOPLIST_KEY_UIApplicationSupportsIndirectInputEvents = YES;
				INFOPLIST_KEY_UILaunchStoryboardName = LaunchScreen;
				INFOPLIST_KEY_UIMainStoryboardFile = Main;
				INFOPLIST_KEY_UISupportedInterfaceOrientations = UIInterfaceOrientationPortrait;
				IPHONEOS_DEPLOYMENT_TARGET = 16.1;
				LD_RUNPATH_SEARCH_PATHS = (
					"$(inherited)",
					"@executable_path/Frameworks",
				);
				MARKETING_VERSION = 1.0;
				PRODUCT_BUNDLE_IDENTIFIER = jp.techacademy.reina.iketani.Plants;
				PRODUCT_NAME = "$(TARGET_NAME)";
				SUPPORTED_PLATFORMS = "iphoneos iphonesimulator";
				SUPPORTS_MACCATALYST = NO;
				SUPPORTS_MAC_DESIGNED_FOR_IPHONE_IPAD = NO;
				SWIFT_EMIT_LOC_STRINGS = YES;
				SWIFT_VERSION = 5.0;
				TARGETED_DEVICE_FAMILY = "1,2";
			};
			name = Release;
		};
/* End XCBuildConfiguration section */

/* Begin XCConfigurationList section */
		3B42AB3B2A419F1E00273E2C /* Build configuration list for PBXProject "Plants" */ = {
			isa = XCConfigurationList;
			buildConfigurations = (
				3B42AB522A419F1F00273E2C /* Debug */,
				3B42AB532A419F1F00273E2C /* Release */,
			);
			defaultConfigurationIsVisible = 0;
			defaultConfigurationName = Release;
		};
		3B42AB542A419F1F00273E2C /* Build configuration list for PBXNativeTarget "Plants" */ = {
			isa = XCConfigurationList;
			buildConfigurations = (
				3B42AB552A419F1F00273E2C /* Debug */,
				3B42AB562A419F1F00273E2C /* Release */,
			);
			defaultConfigurationIsVisible = 0;
			defaultConfigurationName = Release;
		};
/* End XCConfigurationList section */
	};
	rootObject = 3B42AB382A419F1E00273E2C /* Project object */;
}
